// !$*UTF8*$!
{
	archiveVersion = 1;
	classes = {
	};
	objectVersion = 50;
	objects = {

/* Begin PBXBuildFile section */
		F80CE9D023683BD2009FEA4C /* GildedRoseKata.framework in Frameworks */ = {isa = PBXBuildFile; fileRef = F80CE9C623683BD2009FEA4C /* GildedRoseKata.framework */; };
		F80CE9D523683BD2009FEA4C /* GildedRoseKataTests.swift in Sources */ = {isa = PBXBuildFile; fileRef = F80CE9D423683BD2009FEA4C /* GildedRoseKataTests.swift */; };
		F80CE9D723683BD2009FEA4C /* GildedRoseKata.h in Headers */ = {isa = PBXBuildFile; fileRef = F80CE9C923683BD2009FEA4C /* GildedRoseKata.h */; settings = {ATTRIBUTES = (Public, ); }; };
		F80CE9E123683C04009FEA4C /* GildedRose.swift in Sources */ = {isa = PBXBuildFile; fileRef = F80CE9E023683C04009FEA4C /* GildedRose.swift */; };
		F80CE9E323683C27009FEA4C /* Item.swift in Sources */ = {isa = PBXBuildFile; fileRef = F80CE9E223683C27009FEA4C /* Item.swift */; };
		F852C55F236871000035929A /* AllItemsTests.swift in Sources */ = {isa = PBXBuildFile; fileRef = F852C55E236871000035929A /* AllItemsTests.swift */; };
		F852C5632368720A0035929A /* SulfuraTests.swift in Sources */ = {isa = PBXBuildFile; fileRef = F852C5602368720A0035929A /* SulfuraTests.swift */; };
		F852C5642368720A0035929A /* BackstageTests.swift in Sources */ = {isa = PBXBuildFile; fileRef = F852C5612368720A0035929A /* BackstageTests.swift */; };
		F852C5652368720A0035929A /* BrieTests.swift in Sources */ = {isa = PBXBuildFile; fileRef = F852C5622368720A0035929A /* BrieTests.swift */; };
		F852C5672368721A0035929A /* NormalTests.swift in Sources */ = {isa = PBXBuildFile; fileRef = F852C5662368721A0035929A /* NormalTests.swift */; };
		F852C569236873300035929A /* Seeds.swift in Sources */ = {isa = PBXBuildFile; fileRef = F852C568236873300035929A /* Seeds.swift */; };
		F852C56B23697CE00035929A /* ItemStrategy.swift in Sources */ = {isa = PBXBuildFile; fileRef = F852C56A23697CE00035929A /* ItemStrategy.swift */; };
		F852C56D236984330035929A /* ItemStrategyFactory.swift in Sources */ = {isa = PBXBuildFile; fileRef = F852C56C236984330035929A /* ItemStrategyFactory.swift */; };
/* End PBXBuildFile section */

/* Begin PBXContainerItemProxy section */
		F80CE9D123683BD2009FEA4C /* PBXContainerItemProxy */ = {
			isa = PBXContainerItemProxy;
			containerPortal = F80CE9BD23683BD2009FEA4C /* Project object */;
			proxyType = 1;
			remoteGlobalIDString = F80CE9C523683BD2009FEA4C;
			remoteInfo = GildedRoseKata;
		};
/* End PBXContainerItemProxy section */

/* Begin PBXFileReference section */
		F80CE9C623683BD2009FEA4C /* GildedRoseKata.framework */ = {isa = PBXFileReference; explicitFileType = wrapper.framework; includeInIndex = 0; path = GildedRoseKata.framework; sourceTree = BUILT_PRODUCTS_DIR; };
		F80CE9C923683BD2009FEA4C /* GildedRoseKata.h */ = {isa = PBXFileReference; lastKnownFileType = sourcecode.c.h; path = GildedRoseKata.h; sourceTree = "<group>"; };
		F80CE9CA23683BD2009FEA4C /* Info.plist */ = {isa = PBXFileReference; lastKnownFileType = text.plist.xml; path = Info.plist; sourceTree = "<group>"; };
		F80CE9CF23683BD2009FEA4C /* GildedRoseKataTests.xctest */ = {isa = PBXFileReference; explicitFileType = wrapper.cfbundle; includeInIndex = 0; path = GildedRoseKataTests.xctest; sourceTree = BUILT_PRODUCTS_DIR; };
		F80CE9D423683BD2009FEA4C /* GildedRoseKataTests.swift */ = {isa = PBXFileReference; lastKnownFileType = sourcecode.swift; path = GildedRoseKataTests.swift; sourceTree = "<group>"; };
		F80CE9D623683BD2009FEA4C /* Info.plist */ = {isa = PBXFileReference; lastKnownFileType = text.plist.xml; path = Info.plist; sourceTree = "<group>"; };
		F80CE9E023683C04009FEA4C /* GildedRose.swift */ = {isa = PBXFileReference; lastKnownFileType = sourcecode.swift; path = GildedRose.swift; sourceTree = "<group>"; };
		F80CE9E223683C27009FEA4C /* Item.swift */ = {isa = PBXFileReference; lastKnownFileType = sourcecode.swift; path = Item.swift; sourceTree = "<group>"; };
		F852C55E236871000035929A /* AllItemsTests.swift */ = {isa = PBXFileReference; lastKnownFileType = sourcecode.swift; path = AllItemsTests.swift; sourceTree = "<group>"; };
		F852C5602368720A0035929A /* SulfuraTests.swift */ = {isa = PBXFileReference; fileEncoding = 4; lastKnownFileType = sourcecode.swift; path = SulfuraTests.swift; sourceTree = "<group>"; };
		F852C5612368720A0035929A /* BackstageTests.swift */ = {isa = PBXFileReference; fileEncoding = 4; lastKnownFileType = sourcecode.swift; path = BackstageTests.swift; sourceTree = "<group>"; };
		F852C5622368720A0035929A /* BrieTests.swift */ = {isa = PBXFileReference; fileEncoding = 4; lastKnownFileType = sourcecode.swift; path = BrieTests.swift; sourceTree = "<group>"; };
		F852C5662368721A0035929A /* NormalTests.swift */ = {isa = PBXFileReference; fileEncoding = 4; lastKnownFileType = sourcecode.swift; path = NormalTests.swift; sourceTree = "<group>"; };
		F852C568236873300035929A /* Seeds.swift */ = {isa = PBXFileReference; lastKnownFileType = sourcecode.swift; path = Seeds.swift; sourceTree = "<group>"; };
		F852C56A23697CE00035929A /* ItemStrategy.swift */ = {isa = PBXFileReference; lastKnownFileType = sourcecode.swift; path = ItemStrategy.swift; sourceTree = "<group>"; };
		F852C56C236984330035929A /* ItemStrategyFactory.swift */ = {isa = PBXFileReference; lastKnownFileType = sourcecode.swift; path = ItemStrategyFactory.swift; sourceTree = "<group>"; };
/* End PBXFileReference section */

/* Begin PBXFrameworksBuildPhase section */
		F80CE9C323683BD2009FEA4C /* Frameworks */ = {
			isa = PBXFrameworksBuildPhase;
			buildActionMask = 2147483647;
			files = (
			);
			runOnlyForDeploymentPostprocessing = 0;
		};
		F80CE9CC23683BD2009FEA4C /* Frameworks */ = {
			isa = PBXFrameworksBuildPhase;
			buildActionMask = 2147483647;
			files = (
				F80CE9D023683BD2009FEA4C /* GildedRoseKata.framework in Frameworks */,
			);
			runOnlyForDeploymentPostprocessing = 0;
		};
/* End PBXFrameworksBuildPhase section */

/* Begin PBXGroup section */
		F80CE9BC23683BD2009FEA4C = {
			isa = PBXGroup;
			children = (
				F80CE9C823683BD2009FEA4C /* GildedRoseKata */,
				F80CE9D323683BD2009FEA4C /* GildedRoseKataTests */,
				F80CE9C723683BD2009FEA4C /* Products */,
			);
			sourceTree = "<group>";
		};
		F80CE9C723683BD2009FEA4C /* Products */ = {
			isa = PBXGroup;
			children = (
				F80CE9C623683BD2009FEA4C /* GildedRoseKata.framework */,
				F80CE9CF23683BD2009FEA4C /* GildedRoseKataTests.xctest */,
			);
			name = Products;
			sourceTree = "<group>";
		};
		F80CE9C823683BD2009FEA4C /* GildedRoseKata */ = {
			isa = PBXGroup;
			children = (
				F80CE9C923683BD2009FEA4C /* GildedRoseKata.h */,
				F80CE9E023683C04009FEA4C /* GildedRose.swift */,
				F852C56A23697CE00035929A /* ItemStrategy.swift */,
				F852C56C236984330035929A /* ItemStrategyFactory.swift */,
				F80CE9E223683C27009FEA4C /* Item.swift */,
				F80CE9CA23683BD2009FEA4C /* Info.plist */,
			);
			path = GildedRoseKata;
			sourceTree = "<group>";
		};
		F80CE9D323683BD2009FEA4C /* GildedRoseKataTests */ = {
			isa = PBXGroup;
			children = (
				F852C568236873300035929A /* Seeds.swift */,
				F80CE9D423683BD2009FEA4C /* GildedRoseKataTests.swift */,
				F852C55E236871000035929A /* AllItemsTests.swift */,
				F852C5662368721A0035929A /* NormalTests.swift */,
				F852C5612368720A0035929A /* BackstageTests.swift */,
				F852C5622368720A0035929A /* BrieTests.swift */,
				F852C5602368720A0035929A /* SulfuraTests.swift */,
				F80CE9D623683BD2009FEA4C /* Info.plist */,
			);
			path = GildedRoseKataTests;
			sourceTree = "<group>";
		};
/* End PBXGroup section */

/* Begin PBXHeadersBuildPhase section */
		F80CE9C123683BD2009FEA4C /* Headers */ = {
			isa = PBXHeadersBuildPhase;
			buildActionMask = 2147483647;
			files = (
				F80CE9D723683BD2009FEA4C /* GildedRoseKata.h in Headers */,
			);
			runOnlyForDeploymentPostprocessing = 0;
		};
/* End PBXHeadersBuildPhase section */

/* Begin PBXNativeTarget section */
		F80CE9C523683BD2009FEA4C /* GildedRoseKata */ = {
			isa = PBXNativeTarget;
			buildConfigurationList = F80CE9DA23683BD2009FEA4C /* Build configuration list for PBXNativeTarget "GildedRoseKata" */;
			buildPhases = (
				F80CE9C123683BD2009FEA4C /* Headers */,
				F80CE9C223683BD2009FEA4C /* Sources */,
				F80CE9C323683BD2009FEA4C /* Frameworks */,
				F80CE9C423683BD2009FEA4C /* Resources */,
			);
			buildRules = (
			);
			dependencies = (
			);
			name = GildedRoseKata;
			productName = GildedRoseKata;
			productReference = F80CE9C623683BD2009FEA4C /* GildedRoseKata.framework */;
			productType = "com.apple.product-type.framework";
		};
		F80CE9CE23683BD2009FEA4C /* GildedRoseKataTests */ = {
			isa = PBXNativeTarget;
			buildConfigurationList = F80CE9DD23683BD2009FEA4C /* Build configuration list for PBXNativeTarget "GildedRoseKataTests" */;
			buildPhases = (
				F80CE9CB23683BD2009FEA4C /* Sources */,
				F80CE9CC23683BD2009FEA4C /* Frameworks */,
				F80CE9CD23683BD2009FEA4C /* Resources */,
			);
			buildRules = (
			);
			dependencies = (
				F80CE9D223683BD2009FEA4C /* PBXTargetDependency */,
			);
			name = GildedRoseKataTests;
			productName = GildedRoseKataTests;
			productReference = F80CE9CF23683BD2009FEA4C /* GildedRoseKataTests.xctest */;
			productType = "com.apple.product-type.bundle.unit-test";
		};
/* End PBXNativeTarget section */

/* Begin PBXProject section */
		F80CE9BD23683BD2009FEA4C /* Project object */ = {
			isa = PBXProject;
			attributes = {
				LastSwiftUpdateCheck = 1110;
				LastUpgradeCheck = 1110;
				ORGANIZATIONNAME = Patrick;
				TargetAttributes = {
					F80CE9C523683BD2009FEA4C = {
						CreatedOnToolsVersion = 11.1;
						LastSwiftMigration = 1110;
					};
					F80CE9CE23683BD2009FEA4C = {
						CreatedOnToolsVersion = 11.1;
					};
				};
			};
			buildConfigurationList = F80CE9C023683BD2009FEA4C /* Build configuration list for PBXProject "GildedRoseKata" */;
			compatibilityVersion = "Xcode 9.3";
			developmentRegion = en;
			hasScannedForEncodings = 0;
			knownRegions = (
				en,
				Base,
			);
			mainGroup = F80CE9BC23683BD2009FEA4C;
			productRefGroup = F80CE9C723683BD2009FEA4C /* Products */;
			projectDirPath = "";
			projectRoot = "";
			targets = (
				F80CE9C523683BD2009FEA4C /* GildedRoseKata */,
				F80CE9CE23683BD2009FEA4C /* GildedRoseKataTests */,
			);
		};
/* End PBXProject section */

/* Begin PBXResourcesBuildPhase section */
		F80CE9C423683BD2009FEA4C /* Resources */ = {
			isa = PBXResourcesBuildPhase;
			buildActionMask = 2147483647;
			files = (
			);
			runOnlyForDeploymentPostprocessing = 0;
		};
		F80CE9CD23683BD2009FEA4C /* Resources */ = {
			isa = PBXResourcesBuildPhase;
			buildActionMask = 2147483647;
			files = (
			);
			runOnlyForDeploymentPostprocessing = 0;
		};
/* End PBXResourcesBuildPhase section */

/* Begin PBXSourcesBuildPhase section */
		F80CE9C223683BD2009FEA4C /* Sources */ = {
			isa = PBXSourcesBuildPhase;
			buildActionMask = 2147483647;
			files = (
				F80CE9E323683C27009FEA4C /* Item.swift in Sources */,
				F852C56B23697CE00035929A /* ItemStrategy.swift in Sources */,
				F852C56D236984330035929A /* ItemStrategyFactory.swift in Sources */,
				F80CE9E123683C04009FEA4C /* GildedRose.swift in Sources */,
			);
			runOnlyForDeploymentPostprocessing = 0;
		};
		F80CE9CB23683BD2009FEA4C /* Sources */ = {
			isa = PBXSourcesBuildPhase;
			buildActionMask = 2147483647;
			files = (
				F852C55F236871000035929A /* AllItemsTests.swift in Sources */,
				F852C5632368720A0035929A /* SulfuraTests.swift in Sources */,
				F852C569236873300035929A /* Seeds.swift in Sources */,
				F852C5672368721A0035929A /* NormalTests.swift in Sources */,
				F80CE9D523683BD2009FEA4C /* GildedRoseKataTests.swift in Sources */,
				F852C5642368720A0035929A /* BackstageTests.swift in Sources */,
				F852C5652368720A0035929A /* BrieTests.swift in Sources */,
			);
			runOnlyForDeploymentPostprocessing = 0;
		};
/* End PBXSourcesBuildPhase section */

/* Begin PBXTargetDependency section */
		F80CE9D223683BD2009FEA4C /* PBXTargetDependency */ = {
			isa = PBXTargetDependency;
			target = F80CE9C523683BD2009FEA4C /* GildedRoseKata */;
			targetProxy = F80CE9D123683BD2009FEA4C /* PBXContainerItemProxy */;
		};
/* End PBXTargetDependency section */

/* Begin XCBuildConfiguration section */
		F80CE9D823683BD2009FEA4C /* Debug */ = {
			isa = XCBuildConfiguration;
			buildSettings = {
				ALWAYS_SEARCH_USER_PATHS = NO;
				CLANG_ANALYZER_NONNULL = YES;
				CLANG_ANALYZER_NUMBER_OBJECT_CONVERSION = YES_AGGRESSIVE;
				CLANG_CXX_LANGUAGE_STANDARD = "gnu++14";
				CLANG_CXX_LIBRARY = "libc++";
				CLANG_ENABLE_MODULES = YES;
				CLANG_ENABLE_OBJC_ARC = YES;
				CLANG_ENABLE_OBJC_WEAK = YES;
				CLANG_WARN_BLOCK_CAPTURE_AUTORELEASING = YES;
				CLANG_WARN_BOOL_CONVERSION = YES;
				CLANG_WARN_COMMA = YES;
				CLANG_WARN_CONSTANT_CONVERSION = YES;
				CLANG_WARN_DEPRECATED_OBJC_IMPLEMENTATIONS = YES;
				CLANG_WARN_DIRECT_OBJC_ISA_USAGE = YES_ERROR;
				CLANG_WARN_DOCUMENTATION_COMMENTS = YES;
				CLANG_WARN_EMPTY_BODY = YES;
				CLANG_WARN_ENUM_CONVERSION = YES;
				CLANG_WARN_INFINITE_RECURSION = YES;
				CLANG_WARN_INT_CONVERSION = YES;
				CLANG_WARN_NON_LITERAL_NULL_CONVERSION = YES;
				CLANG_WARN_OBJC_IMPLICIT_RETAIN_SELF = YES;
				CLANG_WARN_OBJC_LITERAL_CONVERSION = YES;
				CLANG_WARN_OBJC_ROOT_CLASS = YES_ERROR;
				CLANG_WARN_RANGE_LOOP_ANALYSIS = YES;
				CLANG_WARN_STRICT_PROTOTYPES = YES;
				CLANG_WARN_SUSPICIOUS_MOVE = YES;
				CLANG_WARN_UNGUARDED_AVAILABILITY = YES_AGGRESSIVE;
				CLANG_WARN_UNREACHABLE_CODE = YES;
				CLANG_WARN__DUPLICATE_METHOD_MATCH = YES;
				COPY_PHASE_STRIP = NO;
				CURRENT_PROJECT_VERSION = 1;
				DEBUG_INFORMATION_FORMAT = dwarf;
				ENABLE_STRICT_OBJC_MSGSEND = YES;
				ENABLE_TESTABILITY = YES;
				GCC_C_LANGUAGE_STANDARD = gnu11;
				GCC_DYNAMIC_NO_PIC = NO;
				GCC_NO_COMMON_BLOCKS = YES;
				GCC_OPTIMIZATION_LEVEL = 0;
				GCC_PREPROCESSOR_DEFINITIONS = (
					"DEBUG=1",
					"$(inherited)",
				);
				GCC_WARN_64_TO_32_BIT_CONVERSION = YES;
				GCC_WARN_ABOUT_RETURN_TYPE = YES_ERROR;
				GCC_WARN_UNDECLARED_SELECTOR = YES;
				GCC_WARN_UNINITIALIZED_AUTOS = YES_AGGRESSIVE;
				GCC_WARN_UNUSED_FUNCTION = YES;
				GCC_WARN_UNUSED_VARIABLE = YES;
				IPHONEOS_DEPLOYMENT_TARGET = 13.1;
				MTL_ENABLE_DEBUG_INFO = INCLUDE_SOURCE;
				MTL_FAST_MATH = YES;
				ONLY_ACTIVE_ARCH = YES;
				SDKROOT = iphoneos;
				SWIFT_ACTIVE_COMPILATION_CONDITIONS = DEBUG;
				SWIFT_OPTIMIZATION_LEVEL = "-Onone";
				VERSIONING_SYSTEM = "apple-generic";
				VERSION_INFO_PREFIX = "";
			};
			name = Debug;
		};
		F80CE9D923683BD2009FEA4C /* Release */ = {
			isa = XCBuildConfiguration;
			buildSettings = {
				ALWAYS_SEARCH_USER_PATHS = NO;
				CLANG_ANALYZER_NONNULL = YES;
				CLANG_ANALYZER_NUMBER_OBJECT_CONVERSION = YES_AGGRESSIVE;
				CLANG_CXX_LANGUAGE_STANDARD = "gnu++14";
				CLANG_CXX_LIBRARY = "libc++";
				CLANG_ENABLE_MODULES = YES;
				CLANG_ENABLE_OBJC_ARC = YES;
				CLANG_ENABLE_OBJC_WEAK = YES;
				CLANG_WARN_BLOCK_CAPTURE_AUTORELEASING = YES;
				CLANG_WARN_BOOL_CONVERSION = YES;
				CLANG_WARN_COMMA = YES;
				CLANG_WARN_CONSTANT_CONVERSION = YES;
				CLANG_WARN_DEPRECATED_OBJC_IMPLEMENTATIONS = YES;
				CLANG_WARN_DIRECT_OBJC_ISA_USAGE = YES_ERROR;
				CLANG_WARN_DOCUMENTATION_COMMENTS = YES;
				CLANG_WARN_EMPTY_BODY = YES;
				CLANG_WARN_ENUM_CONVERSION = YES;
				CLANG_WARN_INFINITE_RECURSION = YES;
				CLANG_WARN_INT_CONVERSION = YES;
				CLANG_WARN_NON_LITERAL_NULL_CONVERSION = YES;
				CLANG_WARN_OBJC_IMPLICIT_RETAIN_SELF = YES;
				CLANG_WARN_OBJC_LITERAL_CONVERSION = YES;
				CLANG_WARN_OBJC_ROOT_CLASS = YES_ERROR;
				CLANG_WARN_RANGE_LOOP_ANALYSIS = YES;
				CLANG_WARN_STRICT_PROTOTYPES = YES;
				CLANG_WARN_SUSPICIOUS_MOVE = YES;
				CLANG_WARN_UNGUARDED_AVAILABILITY = YES_AGGRESSIVE;
				CLANG_WARN_UNREACHABLE_CODE = YES;
				CLANG_WARN__DUPLICATE_METHOD_MATCH = YES;
				COPY_PHASE_STRIP = NO;
				CURRENT_PROJECT_VERSION = 1;
				DEBUG_INFORMATION_FORMAT = "dwarf-with-dsym";
				ENABLE_NS_ASSERTIONS = NO;
				ENABLE_STRICT_OBJC_MSGSEND = YES;
				GCC_C_LANGUAGE_STANDARD = gnu11;
				GCC_NO_COMMON_BLOCKS = YES;
				GCC_WARN_64_TO_32_BIT_CONVERSION = YES;
				GCC_WARN_ABOUT_RETURN_TYPE = YES_ERROR;
				GCC_WARN_UNDECLARED_SELECTOR = YES;
				GCC_WARN_UNINITIALIZED_AUTOS = YES_AGGRESSIVE;
				GCC_WARN_UNUSED_FUNCTION = YES;
				GCC_WARN_UNUSED_VARIABLE = YES;
				IPHONEOS_DEPLOYMENT_TARGET = 13.1;
				MTL_ENABLE_DEBUG_INFO = NO;
				MTL_FAST_MATH = YES;
				SDKROOT = iphoneos;
				SWIFT_COMPILATION_MODE = wholemodule;
				SWIFT_OPTIMIZATION_LEVEL = "-O";
				VALIDATE_PRODUCT = YES;
				VERSIONING_SYSTEM = "apple-generic";
				VERSION_INFO_PREFIX = "";
			};
			name = Release;
		};
		F80CE9DB23683BD2009FEA4C /* Debug */ = {
			isa = XCBuildConfiguration;
			buildSettings = {
				CLANG_ENABLE_MODULES = YES;
				CODE_SIGN_STYLE = Automatic;
				DEFINES_MODULE = YES;
				DEVELOPMENT_TEAM = 846S5GY383;
				DYLIB_COMPATIBILITY_VERSION = 1;
				DYLIB_CURRENT_VERSION = 1;
				DYLIB_INSTALL_NAME_BASE = "@rpath";
				INFOPLIST_FILE = GildedRoseKata/Info.plist;
				INSTALL_PATH = "$(LOCAL_LIBRARY_DIR)/Frameworks";
				LD_RUNPATH_SEARCH_PATHS = (
					"$(inherited)",
					"@executable_path/Frameworks",
					"@loader_path/Frameworks",
				);
				PRODUCT_BUNDLE_IDENTIFIER = com.diviacco.GildedRoseKata;
				PRODUCT_NAME = "$(TARGET_NAME:c99extidentifier)";
				SKIP_INSTALL = YES;
				SWIFT_OPTIMIZATION_LEVEL = "-Onone";
				SWIFT_VERSION = 5.0;
				TARGETED_DEVICE_FAMILY = "1,2";
			};
			name = Debug;
		};
		F80CE9DC23683BD2009FEA4C /* Release */ = {
			isa = XCBuildConfiguration;
			buildSettings = {
				CLANG_ENABLE_MODULES = YES;
				CODE_SIGN_STYLE = Automatic;
				DEFINES_MODULE = YES;
				DEVELOPMENT_TEAM = 846S5GY383;
				DYLIB_COMPATIBILITY_VERSION = 1;
				DYLIB_CURRENT_VERSION = 1;
				DYLIB_INSTALL_NAME_BASE = "@rpath";
				INFOPLIST_FILE = GildedRoseKata/Info.plist;
				INSTALL_PATH = "$(LOCAL_LIBRARY_DIR)/Frameworks";
				LD_RUNPATH_SEARCH_PATHS = (
					"$(inherited)",
					"@executable_path/Frameworks",
					"@loader_path/Frameworks",
				);
				PRODUCT_BUNDLE_IDENTIFIER = com.diviacco.GildedRoseKata;
				PRODUCT_NAME = "$(TARGET_NAME:c99extidentifier)";
				SKIP_INSTALL = YES;
				SWIFT_VERSION = 5.0;
				TARGETED_DEVICE_FAMILY = "1,2";
			};
			name = Release;
		};
		F80CE9DE23683BD2009FEA4C /* Debug */ = {
			isa = XCBuildConfiguration;
			buildSettings = {
				ALWAYS_EMBED_SWIFT_STANDARD_LIBRARIES = YES;
				CODE_SIGN_STYLE = Automatic;
				DEVELOPMENT_TEAM = 846S5GY383;
				INFOPLIST_FILE = GildedRoseKataTests/Info.plist;
				LD_RUNPATH_SEARCH_PATHS = (
					"$(inherited)",
					"@executable_path/Frameworks",
					"@loader_path/Frameworks",
				);
				PRODUCT_BUNDLE_IDENTIFIER = com.diviacco.GildedRoseKataTests;
				PRODUCT_NAME = "$(TARGET_NAME)";
				SWIFT_VERSION = 5.0;
				TARGETED_DEVICE_FAMILY = "1,2";
			};
			name = Debug;
		};
		F80CE9DF23683BD2009FEA4C /* Release */ = {
			isa = XCBuildConfiguration;
			buildSettings = {
				ALWAYS_EMBED_SWIFT_STANDARD_LIBRARIES = YES;
				CODE_SIGN_STYLE = Automatic;
				DEVELOPMENT_TEAM = 846S5GY383;
				INFOPLIST_FILE = GildedRoseKataTests/Info.plist;
				LD_RUNPATH_SEARCH_PATHS = (
					"$(inherited)",
					"@executable_path/Frameworks",
					"@loader_path/Frameworks",
				);
				PRODUCT_BUNDLE_IDENTIFIER = com.diviacco.GildedRoseKataTests;
				PRODUCT_NAME = "$(TARGET_NAME)";
				SWIFT_VERSION = 5.0;
				TARGETED_DEVICE_FAMILY = "1,2";
			};
			name = Release;
		};
/* End XCBuildConfiguration section */

/* Begin XCConfigurationList section */
		F80CE9C023683BD2009FEA4C /* Build configuration list for PBXProject "GildedRoseKata" */ = {
			isa = XCConfigurationList;
			buildConfigurations = (
				F80CE9D823683BD2009FEA4C /* Debug */,
				F80CE9D923683BD2009FEA4C /* Release */,
			);
			defaultConfigurationIsVisible = 0;
			defaultConfigurationName = Release;
		};
		F80CE9DA23683BD2009FEA4C /* Build configuration list for PBXNativeTarget "GildedRoseKata" */ = {
			isa = XCConfigurationList;
			buildConfigurations = (
				F80CE9DB23683BD2009FEA4C /* Debug */,
				F80CE9DC23683BD2009FEA4C /* Release */,
			);
			defaultConfigurationIsVisible = 0;
			defaultConfigurationName = Release;
		};
		F80CE9DD23683BD2009FEA4C /* Build configuration list for PBXNativeTarget "GildedRoseKataTests" */ = {
			isa = XCConfigurationList;
			buildConfigurations = (
				F80CE9DE23683BD2009FEA4C /* Debug */,
				F80CE9DF23683BD2009FEA4C /* Release */,
			);
			defaultConfigurationIsVisible = 0;
			defaultConfigurationName = Release;
		};
/* End XCConfigurationList section */
	};
	rootObject = F80CE9BD23683BD2009FEA4C /* Project object */;
}
